# THIS IS AN AUTOGENERATED FILE. DO NOT EDIT THIS FILE DIRECTLY.
# yarn lockfile v1


"@open-wc/prettier-config@^0.1.14":
  version "0.1.14"
  resolved "https://registry.yarnpkg.com/@open-wc/prettier-config/-/prettier-config-0.1.14.tgz#ee5fa9953b8795fd5df92cfa243f1bdab565c5a3"
  integrity sha512-b30hqVLZLOvtGR0p3cmSvEYnu+OeKA1N/3v8m2u1bRt44+gVHkSOhf2/E90i8gveA6Maz98f0EwYFk03XEM/CA==
  dependencies:
    eslint-config-prettier "^3.3.0"
    prettier "^1.19.1"

dom7@^2.1.3:
  version "2.1.3"
  resolved "https://registry.yarnpkg.com/dom7/-/dom7-2.1.3.tgz#a736f9c3bfbc4ca039a81cd095f97d1d7f3de19c"
  integrity sha512-QTxHHDox+M6ZFz1zHPAHZKI3JOHY5iY4i9BK2uctlggxKQwRhO3q3HHFq1BKsT25Bm/ySSj70K6Wk/G4bs9rMQ==
  dependencies:
    ssr-window "^1.0.1"

eslint-config-prettier@^3.3.0:
  version "3.6.0"
  resolved "https://registry.yarnpkg.com/eslint-config-prettier/-/eslint-config-prettier-3.6.0.tgz#8ca3ffac4bd6eeef623a0651f9d754900e3ec217"
  integrity sha512-ixJ4U3uTLXwJts4rmSVW/lMXjlGwCijhBJHk8iVqKKSifeI0qgFEfWl8L63isfc8Od7EiBALF6BX3jKLluf/jQ==
  dependencies:
    get-stdin "^6.0.0"

framework7@^5.4.1:
  version "5.4.1"
  resolved "https://registry.yarnpkg.com/framework7/-/framework7-5.4.1.tgz#7ac88b1eeb9acbda920b3ab28712d2d28ad1d2d3"
  integrity sha512-pmKuL7GEc9Je250Mu/2IgEGegABEVE6ihXbBa/Ni5OU2O2JYKFvzinfqxEkhqRY4puJn6IKg4m/Q3b9781ivaw==
  dependencies:
    dom7 "^2.1.3"
    path-to-regexp "^6.1.0"
    ssr-window "^1.0.1"
    template7 "^1.4.2"

get-stdin@^6.0.0:
  version "6.0.0"
  resolved "https://registry.yarnpkg.com/get-stdin/-/get-stdin-6.0.0.tgz#9e09bf712b360ab9225e812048f71fde9c89657b"
  integrity sha512-jp4tHawyV7+fkkSKyvjuLZswblUtz+SQKzSWnBbii16BuZksJlU1wuBYXY75r+duh/llF1ur6oNwi+2ZzjKZ7g==

path-to-regexp@^6.1.0:
  version "6.1.0"
  resolved "https://registry.yarnpkg.com/path-to-regexp/-/path-to-regexp-6.1.0.tgz#0b18f88b7a0ce0bfae6a25990c909ab86f512427"
  integrity sha512-h9DqehX3zZZDCEm+xbfU0ZmwCGFCAAraPJWMXJ4+v32NjZJilVg3k1TcKsRgIb8IQ/izZSaydDc1OhJCZvs2Dw==

prettier@^1.19.1:
  version "1.19.1"
  resolved "https://registry.yarnpkg.com/prettier/-/prettier-1.19.1.tgz#f7d7f5ff8a9cd872a7be4ca142095956a60797cb"
  integrity sha512-s7PoyDv/II1ObgQunCbB9PdLmUcBZcnWOcxDh7O0N/UwDEsHyqkW+Qh28jW+mVuCdx7gLB0BotYI1Y6uI9iyew==

ssr-window@^1.0.1:
  version "1.0.1"
  resolved "https://registry.yarnpkg.com/ssr-window/-/ssr-window-1.0.1.tgz#30752a6a4666e7767f0b7e6aa6fc2fdbd0d9b369"
  integrity sha512-dgFqB+f00LJTEgb6UXhx0h+SrG50LJvti2yMKMqAgzfUmUXZrLSv2fjULF7AWGwK25EXu8+smLR3jYsJQChPsg==

template7@^1.4.2:
  version "1.4.2"
  resolved "https://registry.yarnpkg.com/template7/-/template7-1.4.2.tgz#62f32959361e455ec171ef9ef33d29ca7130e009"
  integrity sha512-eoKnScBMDk7lyj7+iCzKbxGiSLLlQk0DNvmclyJuMCUKxy9JrFuAB+GD5iplF4WiQPtMdI06CHHks3avL22JXA==
