# THIS IS AN AUTOGENERATED FILE. DO NOT EDIT THIS FILE DIRECTLY.
# yarn lockfile v1


"@open-wc/prettier-config@^0.1.10":
  version "0.1.10"
  resolved "https://registry.yarnpkg.com/@open-wc/prettier-config/-/prettier-config-0.1.10.tgz#7b8ab8c2621064bbdbaee79234b3a87d6266cf42"
  integrity sha512-3kfNMldb5f+ZPzbK/9eOP3de4uwlzNZ411L1azBIkE6K7pdBqsbASbzdTSO9xrDQSLS+gHd0+wBmNqx7WPezXg==
  dependencies:
    eslint-config-prettier "^3.3.0"
    prettier "^1.15.0"

dom7@^2.1.3:
  version "2.1.3"
  resolved "https://registry.yarnpkg.com/dom7/-/dom7-2.1.3.tgz#a736f9c3bfbc4ca039a81cd095f97d1d7f3de19c"
  integrity sha512-QTxHHDox+M6ZFz1zHPAHZKI3JOHY5iY4i9BK2uctlggxKQwRhO3q3HHFq1BKsT25Bm/ySSj70K6Wk/G4bs9rMQ==
  dependencies:
    ssr-window "^1.0.1"

eslint-config-prettier@^3.3.0:
  version "3.6.0"
  resolved "https://registry.yarnpkg.com/eslint-config-prettier/-/eslint-config-prettier-3.6.0.tgz#8ca3ffac4bd6eeef623a0651f9d754900e3ec217"
  integrity sha512-ixJ4U3uTLXwJts4rmSVW/lMXjlGwCijhBJHk8iVqKKSifeI0qgFEfWl8L63isfc8Od7EiBALF6BX3jKLluf/jQ==
  dependencies:
    get-stdin "^6.0.0"

framework7@^4.5.1:
  version "4.5.1"
  resolved "https://registry.yarnpkg.com/framework7/-/framework7-4.5.1.tgz#2811477f2ebaec4eeabbfe8f3856e2bbf9d4541e"
  integrity sha512-LqSSY6+MFL82fqOPrLiKToZOOZ5VXZnh2JG1xy2Y2h3WLfgA8ozokJJFGaaPjpWjwDF3LxeGcxgZ61skoOK2BQ==
  dependencies:
    dom7 "^2.1.3"
    path-to-regexp "^3.0.0"
    ssr-window "^1.0.1"
    template7 "^1.4.2"

get-stdin@^6.0.0:
  version "6.0.0"
  resolved "https://registry.yarnpkg.com/get-stdin/-/get-stdin-6.0.0.tgz#9e09bf712b360ab9225e812048f71fde9c89657b"
  integrity sha512-jp4tHawyV7+fkkSKyvjuLZswblUtz+SQKzSWnBbii16BuZksJlU1wuBYXY75r+duh/llF1ur6oNwi+2ZzjKZ7g==

path-to-regexp@^3.0.0:
  version "3.0.0"
  resolved "https://registry.yarnpkg.com/path-to-regexp/-/path-to-regexp-3.0.0.tgz#c981a218f3df543fa28696be2f88e0c58d2e012a"
  integrity sha512-ZOtfhPttCrqp2M1PBBH4X13XlvnfhIwD7yCLx+GoGoXRPQyxGOTdQMpIzPSPKXAJT/JQrdfFrgdJOyAzvgpQ9A==

prettier@^1.15.0:
  version "1.18.2"
  resolved "https://registry.yarnpkg.com/prettier/-/prettier-1.18.2.tgz#6823e7c5900017b4bd3acf46fe9ac4b4d7bda9ea"
  integrity sha512-OeHeMc0JhFE9idD4ZdtNibzY0+TPHSpSSb9h8FqtP+YnoZZ1sl8Vc9b1sasjfymH3SonAF4QcA2+mzHPhMvIiw==

ssr-window@^1.0.1:
  version "1.0.1"
  resolved "https://registry.yarnpkg.com/ssr-window/-/ssr-window-1.0.1.tgz#30752a6a4666e7767f0b7e6aa6fc2fdbd0d9b369"
  integrity sha512-dgFqB+f00LJTEgb6UXhx0h+SrG50LJvti2yMKMqAgzfUmUXZrLSv2fjULF7AWGwK25EXu8+smLR3jYsJQChPsg==

template7@^1.4.2:
  version "1.4.2"
  resolved "https://registry.yarnpkg.com/template7/-/template7-1.4.2.tgz#62f32959361e455ec171ef9ef33d29ca7130e009"
  integrity sha512-eoKnScBMDk7lyj7+iCzKbxGiSLLlQk0DNvmclyJuMCUKxy9JrFuAB+GD5iplF4WiQPtMdI06CHHks3avL22JXA==
